
Microsoft Visual Studio Solution File, Format Version 12.00
# Visual Studio Version 17
VisualStudioVersion = 17.7.34031.279
MinimumVisualStudioVersion = 10.0.40219.1
Project("{9A19103F-16F7-4668-BE54-9A1E7A4F7556}") = "BookStoreApi", "BookStoreApi\BookStoreApi.csproj", "{1B65836C-5677-4DE5-816B-C718EEFC2EAE}"
EndProject
Project("{FAE04EC0-301F-11D3-BF4B-00C04F79EFBC}") = "WebAppRazorPages", "WebAppRazorPages\WebAppRazorPages.csproj", "{2D66ED7B-C323-4789-9041-75D981C5CD62}"
EndProject
Global
	GlobalSection(SolutionConfigurationPlatforms) = preSolution
		Debug|Any CPU = Debug|Any CPU
		Release|Any CPU = Release|Any CPU
	EndGlobalSection
	GlobalSection(ProjectConfigurationPlatforms) = postSolution
		{1B65836C-5677-4DE5-816B-C718EEFC2EAE}.Debug|Any CPU.ActiveCfg = Debug|Any CPU
		{1B65836C-5677-4DE5-816B-C718EEFC2EAE}.Debug|Any CPU.Build.0 = Debug|Any CPU
		{1B65836C-5677-4DE5-816B-C718EEFC2EAE}.Release|Any CPU.ActiveCfg = Release|Any CPU
		{1B65836C-5677-4DE5-816B-C718EEFC2EAE}.Release|Any CPU.Build.0 = Release|Any CPU
		{2D66ED7B-C323-4789-9041-75D981C5CD62}.Debug|Any CPU.ActiveCfg = Debug|Any CPU
		{2D66ED7B-C323-4789-9041-75D981C5CD62}.Debug|Any CPU.Build.0 = Debug|Any CPU
		{2D66ED7B-C323-4789-9041-75D981C5CD62}.Release|Any CPU.ActiveCfg = Release|Any CPU
		{2D66ED7B-C323-4789-9041-75D981C5CD62}.Release|Any CPU.Build.0 = Release|Any CPU
	EndGlobalSection
	GlobalSection(SolutionProperties) = preSolution
		HideSolutionNode = FALSE
	EndGlobalSection
	GlobalSection(ExtensibilityGlobals) = postSolution
		SolutionGuid = {19623629-EEA8-4A1D-AB0C-1BC83459858F}
	EndGlobalSection
EndGlobal
